
Microsoft Visual Studio Solution File, Format Version 12.00
# Visual Studio Version 17
VisualStudioVersion = 17.0.31903.59
MinimumVisualStudioVersion = 10.0.40219.1
Project("{2150E333-8FDC-42A3-9474-1A3956D46DE8}") = "Core", "Core", "{3DE24F5C-3C74-4D7A-8B2A-EE6F9DBF84D1}"
EndProject
Project("{FAE04EC0-301F-11D3-BF4B-00C04F79EFBC}") = "codegather.Application", "Core\codegather.Application\codegather.Application.csproj", "{A69F30C7-E4D1-47E3-8DE0-43D059840532}"
EndProject
Project("{FAE04EC0-301F-11D3-BF4B-00C04F79EFBC}") = "codegather.Domain", "Core\codegather.Domain\codegather.Domain.csproj", "{4EDA7A67-6A1C-4428-A0C1-74B79F33AEA9}"
EndProject
Project("{2150E333-8FDC-42A3-9474-1A3956D46DE8}") = "Infrastructure", "Infrastructure", "{FDAF70EA-32A7-443E-BA42-598117ED1C48}"
EndProject
Project("{FAE04EC0-301F-11D3-BF4B-00C04F79EFBC}") = "codegather.Infrastructure", "Infrastructure\codegather.Infrastructure\codegather.Infrastructure.csproj", "{5E028ACC-7EAA-45E3-9E93-46CC196FC20C}"
EndProject
Project("{FAE04EC0-301F-11D3-BF4B-00C04F79EFBC}") = "codegather.Persistance", "Infrastructure\codegather.Persistance\codegather.Persistance.csproj", "{8900F73C-9886-4642-99DD-4DFF1FF1B668}"
EndProject
Project("{2150E333-8FDC-42A3-9474-1A3956D46DE8}") = "Presentation", "Presentation", "{9D88A200-C65C-4D48-971C-930E5274FB1E}"
EndProject
Project("{FAE04EC0-301F-11D3-BF4B-00C04F79EFBC}") = "codegather.Api", "Presentation\codegather.Api\codegather.Api.csproj", "{D96FB5D2-5456-4310-A61E-0E17463AC84B}"
EndProject
Global
	GlobalSection(SolutionConfigurationPlatforms) = preSolution
		Debug|Any CPU = Debug|Any CPU
		Release|Any CPU = Release|Any CPU
	EndGlobalSection
	GlobalSection(SolutionProperties) = preSolution
		HideSolutionNode = FALSE
	EndGlobalSection
	GlobalSection(ProjectConfigurationPlatforms) = postSolution
		{A69F30C7-E4D1-47E3-8DE0-43D059840532}.Debug|Any CPU.ActiveCfg = Debug|Any CPU
		{A69F30C7-E4D1-47E3-8DE0-43D059840532}.Debug|Any CPU.Build.0 = Debug|Any CPU
		{A69F30C7-E4D1-47E3-8DE0-43D059840532}.Release|Any CPU.ActiveCfg = Release|Any CPU
		{A69F30C7-E4D1-47E3-8DE0-43D059840532}.Release|Any CPU.Build.0 = Release|Any CPU
		{4EDA7A67-6A1C-4428-A0C1-74B79F33AEA9}.Debug|Any CPU.ActiveCfg = Debug|Any CPU
		{4EDA7A67-6A1C-4428-A0C1-74B79F33AEA9}.Debug|Any CPU.Build.0 = Debug|Any CPU
		{4EDA7A67-6A1C-4428-A0C1-74B79F33AEA9}.Release|Any CPU.ActiveCfg = Release|Any CPU
		{4EDA7A67-6A1C-4428-A0C1-74B79F33AEA9}.Release|Any CPU.Build.0 = Release|Any CPU
		{5E028ACC-7EAA-45E3-9E93-46CC196FC20C}.Debug|Any CPU.ActiveCfg = Debug|Any CPU
		{5E028ACC-7EAA-45E3-9E93-46CC196FC20C}.Debug|Any CPU.Build.0 = Debug|Any CPU
		{5E028ACC-7EAA-45E3-9E93-46CC196FC20C}.Release|Any CPU.ActiveCfg = Release|Any CPU
		{5E028ACC-7EAA-45E3-9E93-46CC196FC20C}.Release|Any CPU.Build.0 = Release|Any CPU
		{8900F73C-9886-4642-99DD-4DFF1FF1B668}.Debug|Any CPU.ActiveCfg = Debug|Any CPU
		{8900F73C-9886-4642-99DD-4DFF1FF1B668}.Debug|Any CPU.Build.0 = Debug|Any CPU
		{8900F73C-9886-4642-99DD-4DFF1FF1B668}.Release|Any CPU.ActiveCfg = Release|Any CPU
		{8900F73C-9886-4642-99DD-4DFF1FF1B668}.Release|Any CPU.Build.0 = Release|Any CPU
		{D96FB5D2-5456-4310-A61E-0E17463AC84B}.Debug|Any CPU.ActiveCfg = Debug|Any CPU
		{D96FB5D2-5456-4310-A61E-0E17463AC84B}.Debug|Any CPU.Build.0 = Debug|Any CPU
		{D96FB5D2-5456-4310-A61E-0E17463AC84B}.Release|Any CPU.ActiveCfg = Release|Any CPU
		{D96FB5D2-5456-4310-A61E-0E17463AC84B}.Release|Any CPU.Build.0 = Release|Any CPU
	EndGlobalSection
	GlobalSection(NestedProjects) = preSolution
		{A69F30C7-E4D1-47E3-8DE0-43D059840532} = {3DE24F5C-3C74-4D7A-8B2A-EE6F9DBF84D1}
		{4EDA7A67-6A1C-4428-A0C1-74B79F33AEA9} = {3DE24F5C-3C74-4D7A-8B2A-EE6F9DBF84D1}
		{5E028ACC-7EAA-45E3-9E93-46CC196FC20C} = {FDAF70EA-32A7-443E-BA42-598117ED1C48}
		{8900F73C-9886-4642-99DD-4DFF1FF1B668} = {FDAF70EA-32A7-443E-BA42-598117ED1C48}
		{D96FB5D2-5456-4310-A61E-0E17463AC84B} = {9D88A200-C65C-4D48-971C-930E5274FB1E}
	EndGlobalSection
EndGlobal
